// !$*UTF8*$!
{
	archiveVersion = 1;
	classes = {
	};
	objectVersion = 46;
	objects = {

/* Begin PBXBuildFile section */
		05741B581C746DD8006F01B2 /* EXTADT.m in Sources */ = {isa = PBXBuildFile; fileRef = 05741B411C746DD8006F01B2 /* EXTADT.m */; };
		05741B591C746DD8006F01B2 /* EXTConcreteProtocol.m in Sources */ = {isa = PBXBuildFile; fileRef = 05741B431C746DD8006F01B2 /* EXTConcreteProtocol.m */; };
		05741B5A1C746DD8006F01B2 /* EXTNil.m in Sources */ = {isa = PBXBuildFile; fileRef = 05741B471C746DD8006F01B2 /* EXTNil.m */; };
		05741B5B1C746DD8006F01B2 /* EXTRuntimeExtensions.m in Sources */ = {isa = PBXBuildFile; fileRef = 05741B4B1C746DD8006F01B2 /* EXTRuntimeExtensions.m */; };
		05741B5C1C746DD8006F01B2 /* EXTSafeCategory.m in Sources */ = {isa = PBXBuildFile; fileRef = 05741B4D1C746DD8006F01B2 /* EXTSafeCategory.m */; };
		05741B5D1C746DD8006F01B2 /* EXTScope.m in Sources */ = {isa = PBXBuildFile; fileRef = 05741B4F1C746DD8006F01B2 /* EXTScope.m */; };
		05741B5E1C746DD8006F01B2 /* EXTSelectorChecking.m in Sources */ = {isa = PBXBuildFile; fileRef = 05741B511C746DD8006F01B2 /* EXTSelectorChecking.m */; };
		05741B5F1C746DD8006F01B2 /* NSInvocation+EXT.m in Sources */ = {isa = PBXBuildFile; fileRef = 05741B551C746DD8006F01B2 /* NSInvocation+EXT.m */; };
		05741B601C746DD8006F01B2 /* NSMethodSignature+EXT.m in Sources */ = {isa = PBXBuildFile; fileRef = 05741B571C746DD8006F01B2 /* NSMethodSignature+EXT.m */; };
		05741B6A1C746FB2006F01B2 /* libNine00SecondsSDK.a in Frameworks */ = {isa = PBXBuildFile; fileRef = 05741B691C746FB2006F01B2 /* libNine00SecondsSDK.a */; };
		05741B6C1C747065006F01B2 /* CoreFoundation.framework in Frameworks */ = {isa = PBXBuildFile; fileRef = 05741B6B1C747065006F01B2 /* CoreFoundation.framework */; };
		05741BDD1C7470DD006F01B2 /* libavcodec.a in Frameworks */ = {isa = PBXBuildFile; fileRef = 05741BD61C7470DD006F01B2 /* libavcodec.a */; };
		05741BDE1C7470DD006F01B2 /* libavdevice.a in Frameworks */ = {isa = PBXBuildFile; fileRef = 05741BD71C7470DD006F01B2 /* libavdevice.a */; };
		05741BDF1C7470DD006F01B2 /* libavfilter.a in Frameworks */ = {isa = PBXBuildFile; fileRef = 05741BD81C7470DD006F01B2 /* libavfilter.a */; };
		05741BE01C7470DD006F01B2 /* libavformat.a in Frameworks */ = {isa = PBXBuildFile; fileRef = 05741BD91C7470DD006F01B2 /* libavformat.a */; };
		05741BE11C7470DD006F01B2 /* libavutil.a in Frameworks */ = {isa = PBXBuildFile; fileRef = 05741BDA1C7470DD006F01B2 /* libavutil.a */; };
		05741BE21C7470DD006F01B2 /* libswresample.a in Frameworks */ = {isa = PBXBuildFile; fileRef = 05741BDB1C7470DD006F01B2 /* libswresample.a */; };
		05741BE31C7470DD006F01B2 /* libswscale.a in Frameworks */ = {isa = PBXBuildFile; fileRef = 05741BDC1C7470DD006F01B2 /* libswscale.a */; };
		05741BE51C747158006F01B2 /* libiconv.tbd in Frameworks */ = {isa = PBXBuildFile; fileRef = 05741BE41C747158006F01B2 /* libiconv.tbd */; };
		05741BE71C747175006F01B2 /* libbz2.tbd in Frameworks */ = {isa = PBXBuildFile; fileRef = 05741BE61C747175006F01B2 /* libbz2.tbd */; };
		30065C061C19A80000A0DA9D /* libNine00SecondsSDK.a in Frameworks */ = {isa = PBXBuildFile; fileRef = 30065C051C19A80000A0DA9D /* libNine00SecondsSDK.a */; };
		306E7C5F1C32BB180039A3A0 /* lookup_amatorka.png in Resources */ = {isa = PBXBuildFile; fileRef = 306E7C5E1C32BB180039A3A0 /* lookup_amatorka.png */; };
		30DB5A441C189AB800771FCD /* OpenGLES.framework in Frameworks */ = {isa = PBXBuildFile; fileRef = 30DB58051C184F8000771FCD /* OpenGLES.framework */; };
		30DB5A451C189AC200771FCD /* AVFoundation.framework in Frameworks */ = {isa = PBXBuildFile; fileRef = 30DB58071C184F8A00771FCD /* AVFoundation.framework */; };
		30DB5A461C189ACC00771FCD /* CoreVideo.framework in Frameworks */ = {isa = PBXBuildFile; fileRef = 30DB58031C184F7700771FCD /* CoreVideo.framework */; };
		30DB5A471C189AD100771FCD /* CoreMedia.framework in Frameworks */ = {isa = PBXBuildFile; fileRef = 30DB58011C184F6B00771FCD /* CoreMedia.framework */; };
		30DB5A4B1C189F9F00771FCD /* AWSCore.framework in Frameworks */ = {isa = PBXBuildFile; fileRef = 30DB5A481C189F9F00771FCD /* AWSCore.framework */; };
		30DB5A4D1C189F9F00771FCD /* AWSS3.framework in Frameworks */ = {isa = PBXBuildFile; fileRef = 30DB5A491C189F9F00771FCD /* AWSS3.framework */; };
		7422F6D31AD81358002B1661 /* DVGStreamsMapViewController.m in Sources */ = {isa = PBXBuildFile; fileRef = 869351711A4D4D0A00FF8532 /* DVGStreamsMapViewController.m */; };
		7422F6D41AD81358002B1661 /* DVGFeatureListTableViewController.m in Sources */ = {isa = PBXBuildFile; fileRef = 7422F6991AD8008F002B1661 /* DVGFeatureListTableViewController.m */; };
		7422F6D71AD81358002B1661 /* DVGClusterAnnotationView.m in Sources */ = {isa = PBXBuildFile; fileRef = 869351691A4D4D0A00FF8532 /* DVGClusterAnnotationView.m */; };
		7422F6DD1AD81358002B1661 /* DVGMKAnnotationUtilities.m in Sources */ = {isa = PBXBuildFile; fileRef = 869351781A4D4D5700FF8532 /* DVGMKAnnotationUtilities.m */; };
		7422F6DE1AD81358002B1661 /* DVGStreamsMapAnnotationView.m in Sources */ = {isa = PBXBuildFile; fileRef = 8693516F1A4D4D0A00FF8532 /* DVGStreamsMapAnnotationView.m */; };
		7422F6DF1AD81358002B1661 /* DVGStreamSelectionViewController.m in Sources */ = {isa = PBXBuildFile; fileRef = 74ACB7A41A4C6A9B00900C67 /* DVGStreamSelectionViewController.m */; };
		7422F6E11AD81358002B1661 /* NHSViewer+MapKit.m in Sources */ = {isa = PBXBuildFile; fileRef = 86C8700A1A4CE2B2008CCEC0 /* NHSViewer+MapKit.m */; };
		7422F6E41AD81358002B1661 /* DVGCameraViewController.m in Sources */ = {isa = PBXBuildFile; fileRef = 74E8D1981A4AECE500E646AB /* DVGCameraViewController.m */; };
		7422F6E71AD81358002B1661 /* DVGStreamAnnotationView.m in Sources */ = {isa = PBXBuildFile; fileRef = 8693516B1A4D4D0A00FF8532 /* DVGStreamAnnotationView.m */; };
		7422F6E81AD81358002B1661 /* NHSStream+MapKit.m in Sources */ = {isa = PBXBuildFile; fileRef = 86C870041A4CE2B2008CCEC0 /* NHSStream+MapKit.m */; };
		7422F6EA1AD81358002B1661 /* DVGStreamOverlayRenderer.m in Sources */ = {isa = PBXBuildFile; fileRef = 8693516D1A4D4D0A00FF8532 /* DVGStreamOverlayRenderer.m */; };
		7422F6F11AD81358002B1661 /* AppDelegate.m in Sources */ = {isa = PBXBuildFile; fileRef = 74E8D11C1A44401700E646AB /* AppDelegate.m */; };
		7422F6F21AD81358002B1661 /* DVGStreamsDataController.m in Sources */ = {isa = PBXBuildFile; fileRef = 74ACB7A21A4C6A9B00900C67 /* DVGStreamsDataController.m */; };
		7422F6F31AD81358002B1661 /* main.m in Sources */ = {isa = PBXBuildFile; fileRef = 74E8D1191A44401700E646AB /* main.m */; };
		7422F6F81AD81358002B1661 /* CoreLocation.framework in Frameworks */ = {isa = PBXBuildFile; fileRef = 74ACB79D1A4C21EF00900C67 /* CoreLocation.framework */; };
		7422F6FA1AD81358002B1661 /* libPods.a in Frameworks */ = {isa = PBXBuildFile; fileRef = 25201B60F367C42A539AE687 /* libPods.a */; };
		7422F6FF1AD81358002B1661 /* Main.storyboard in Resources */ = {isa = PBXBuildFile; fileRef = 74E8D1211A44401700E646AB /* Main.storyboard */; };
		7422F7001AD81358002B1661 /* LaunchScreen.xib in Resources */ = {isa = PBXBuildFile; fileRef = 74E8D1261A44401700E646AB /* LaunchScreen.xib */; };
		7422F7011AD81358002B1661 /* Images.xcassets in Resources */ = {isa = PBXBuildFile; fileRef = 74E8D1241A44401700E646AB /* Images.xcassets */; };
/* End PBXBuildFile section */

/* Begin PBXFileReference section */
		05741B401C746DD8006F01B2 /* EXTADT.h */ = {isa = PBXFileReference; fileEncoding = 4; lastKnownFileType = sourcecode.c.h; path = EXTADT.h; sourceTree = "<group>"; };
		05741B411C746DD8006F01B2 /* EXTADT.m */ = {isa = PBXFileReference; fileEncoding = 4; lastKnownFileType = sourcecode.c.objc; path = EXTADT.m; sourceTree = "<group>"; };
		05741B421C746DD8006F01B2 /* EXTConcreteProtocol.h */ = {isa = PBXFileReference; fileEncoding = 4; lastKnownFileType = sourcecode.c.h; path = EXTConcreteProtocol.h; sourceTree = "<group>"; };
		05741B431C746DD8006F01B2 /* EXTConcreteProtocol.m */ = {isa = PBXFileReference; fileEncoding = 4; lastKnownFileType = sourcecode.c.objc; path = EXTConcreteProtocol.m; sourceTree = "<group>"; };
		05741B441C746DD8006F01B2 /* EXTCoroutine.h */ = {isa = PBXFileReference; fileEncoding = 4; lastKnownFileType = sourcecode.c.h; path = EXTCoroutine.h; sourceTree = "<group>"; };
		05741B451C746DD8006F01B2 /* EXTKeyPathCoding.h */ = {isa = PBXFileReference; fileEncoding = 4; lastKnownFileType = sourcecode.c.h; path = EXTKeyPathCoding.h; sourceTree = "<group>"; };
		05741B461C746DD8006F01B2 /* EXTNil.h */ = {isa = PBXFileReference; fileEncoding = 4; lastKnownFileType = sourcecode.c.h; path = EXTNil.h; sourceTree = "<group>"; };
		05741B471C746DD8006F01B2 /* EXTNil.m */ = {isa = PBXFileReference; fileEncoding = 4; lastKnownFileType = sourcecode.c.objc; path = EXTNil.m; sourceTree = "<group>"; };
		05741B481C746DD8006F01B2 /* extobjc.h */ = {isa = PBXFileReference; fileEncoding = 4; lastKnownFileType = sourcecode.c.h; path = extobjc.h; sourceTree = "<group>"; };
		05741B491C746DD8006F01B2 /* extobjc_Prefix.pch */ = {isa = PBXFileReference; fileEncoding = 4; lastKnownFileType = sourcecode.c.h; path = extobjc_Prefix.pch; sourceTree = "<group>"; };
		05741B4A1C746DD8006F01B2 /* EXTRuntimeExtensions.h */ = {isa = PBXFileReference; fileEncoding = 4; lastKnownFileType = sourcecode.c.h; path = EXTRuntimeExtensions.h; sourceTree = "<group>"; };
		05741B4B1C746DD8006F01B2 /* EXTRuntimeExtensions.m */ = {isa = PBXFileReference; fileEncoding = 4; lastKnownFileType = sourcecode.c.objc; path = EXTRuntimeExtensions.m; sourceTree = "<group>"; };
		05741B4C1C746DD8006F01B2 /* EXTSafeCategory.h */ = {isa = PBXFileReference; fileEncoding = 4; lastKnownFileType = sourcecode.c.h; path = EXTSafeCategory.h; sourceTree = "<group>"; };
		05741B4D1C746DD8006F01B2 /* EXTSafeCategory.m */ = {isa = PBXFileReference; fileEncoding = 4; lastKnownFileType = sourcecode.c.objc; path = EXTSafeCategory.m; sourceTree = "<group>"; };
		05741B4E1C746DD8006F01B2 /* EXTScope.h */ = {isa = PBXFileReference; fileEncoding = 4; lastKnownFileType = sourcecode.c.h; path = EXTScope.h; sourceTree = "<group>"; };
		05741B4F1C746DD8006F01B2 /* EXTScope.m */ = {isa = PBXFileReference; fileEncoding = 4; lastKnownFileType = sourcecode.c.objc; path = EXTScope.m; sourceTree = "<group>"; };
		05741B501C746DD8006F01B2 /* EXTSelectorChecking.h */ = {isa = PBXFileReference; fileEncoding = 4; lastKnownFileType = sourcecode.c.h; path = EXTSelectorChecking.h; sourceTree = "<group>"; };
		05741B511C746DD8006F01B2 /* EXTSelectorChecking.m */ = {isa = PBXFileReference; fileEncoding = 4; lastKnownFileType = sourcecode.c.objc; path = EXTSelectorChecking.m; sourceTree = "<group>"; };
		05741B521C746DD8006F01B2 /* EXTSynthesize.h */ = {isa = PBXFileReference; fileEncoding = 4; lastKnownFileType = sourcecode.c.h; path = EXTSynthesize.h; sourceTree = "<group>"; };
		05741B531C746DD8006F01B2 /* metamacros.h */ = {isa = PBXFileReference; fileEncoding = 4; lastKnownFileType = sourcecode.c.h; path = metamacros.h; sourceTree = "<group>"; };
		05741B541C746DD8006F01B2 /* NSInvocation+EXT.h */ = {isa = PBXFileReference; fileEncoding = 4; lastKnownFileType = sourcecode.c.h; path = "NSInvocation+EXT.h"; sourceTree = "<group>"; };
		05741B551C746DD8006F01B2 /* NSInvocation+EXT.m */ = {isa = PBXFileReference; fileEncoding = 4; lastKnownFileType = sourcecode.c.objc; path = "NSInvocation+EXT.m"; sourceTree = "<group>"; };
		05741B561C746DD8006F01B2 /* NSMethodSignature+EXT.h */ = {isa = PBXFileReference; fileEncoding = 4; lastKnownFileType = sourcecode.c.h; path = "NSMethodSignature+EXT.h"; sourceTree = "<group>"; };
		05741B571C746DD8006F01B2 /* NSMethodSignature+EXT.m */ = {isa = PBXFileReference; fileEncoding = 4; lastKnownFileType = sourcecode.c.objc; path = "NSMethodSignature+EXT.m"; sourceTree = "<group>"; };
		05741B621C746EAF006F01B2 /* NHSApplication.h */ = {isa = PBXFileReference; fileEncoding = 4; lastKnownFileType = sourcecode.c.h; path = NHSApplication.h; sourceTree = "<group>"; };
		05741B631C746EAF006F01B2 /* NHSBroadcastManager.h */ = {isa = PBXFileReference; fileEncoding = 4; lastKnownFileType = sourcecode.c.h; path = NHSBroadcastManager.h; sourceTree = "<group>"; };
		05741B641C746EAF006F01B2 /* NHSStream.h */ = {isa = PBXFileReference; fileEncoding = 4; lastKnownFileType = sourcecode.c.h; path = NHSStream.h; sourceTree = "<group>"; };
		05741B651C746EAF006F01B2 /* NHSStreamPlayerController.h */ = {isa = PBXFileReference; fileEncoding = 4; lastKnownFileType = sourcecode.c.h; path = NHSStreamPlayerController.h; sourceTree = "<group>"; };
		05741B661C746EAF006F01B2 /* NHSViewer.h */ = {isa = PBXFileReference; fileEncoding = 4; lastKnownFileType = sourcecode.c.h; path = NHSViewer.h; sourceTree = "<group>"; };
		05741B671C746EAF006F01B2 /* Nine00SecondsSDK.h */ = {isa = PBXFileReference; fileEncoding = 4; lastKnownFileType = sourcecode.c.h; path = Nine00SecondsSDK.h; sourceTree = "<group>"; };
		05741B681C746EAF006F01B2 /* NSDate+NHSUtilities.h */ = {isa = PBXFileReference; fileEncoding = 4; lastKnownFileType = sourcecode.c.h; path = "NSDate+NHSUtilities.h"; sourceTree = "<group>"; };
		05741B691C746FB2006F01B2 /* libNine00SecondsSDK.a */ = {isa = PBXFileReference; lastKnownFileType = archive.ar; path = libNine00SecondsSDK.a; sourceTree = "<group>"; };
		05741B6B1C747065006F01B2 /* CoreFoundation.framework */ = {isa = PBXFileReference; lastKnownFileType = wrapper.framework; name = CoreFoundation.framework; path = System/Library/Frameworks/CoreFoundation.framework; sourceTree = SDKROOT; };
		05741B701C7470DD006F01B2 /* avcodec.h */ = {isa = PBXFileReference; fileEncoding = 4; lastKnownFileType = sourcecode.c.h; path = avcodec.h; sourceTree = "<group>"; };
		05741B711C7470DD006F01B2 /* avfft.h */ = {isa = PBXFileReference; fileEncoding = 4; lastKnownFileType = sourcecode.c.h; path = avfft.h; sourceTree = "<group>"; };
		05741B721C7470DD006F01B2 /* d3d11va.h */ = {isa = PBXFileReference; fileEncoding = 4; lastKnownFileType = sourcecode.c.h; path = d3d11va.h; sourceTree = "<group>"; };
		05741B731C7470DD006F01B2 /* dv_profile.h */ = {isa = PBXFileReference; fileEncoding = 4; lastKnownFileType = sourcecode.c.h; path = dv_profile.h; sourceTree = "<group>"; };
		05741B741C7470DD006F01B2 /* dxva2.h */ = {isa = PBXFileReference; fileEncoding = 4; lastKnownFileType = sourcecode.c.h; path = dxva2.h; sourceTree = "<group>"; };
		05741B751C7470DD006F01B2 /* old_codec_ids.h */ = {isa = PBXFileReference; fileEncoding = 4; lastKnownFileType = sourcecode.c.h; path = old_codec_ids.h; sourceTree = "<group>"; };
		05741B761C7470DD006F01B2 /* qsv.h */ = {isa = PBXFileReference; fileEncoding = 4; lastKnownFileType = sourcecode.c.h; path = qsv.h; sourceTree = "<group>"; };
		05741B771C7470DD006F01B2 /* vaapi.h */ = {isa = PBXFileReference; fileEncoding = 4; lastKnownFileType = sourcecode.c.h; path = vaapi.h; sourceTree = "<group>"; };
		05741B781C7470DD006F01B2 /* vda.h */ = {isa = PBXFileReference; fileEncoding = 4; lastKnownFileType = sourcecode.c.h; path = vda.h; sourceTree = "<group>"; };
		05741B791C7470DD006F01B2 /* vdpau.h */ = {isa = PBXFileReference; fileEncoding = 4; lastKnownFileType = sourcecode.c.h; path = vdpau.h; sourceTree = "<group>"; };
		05741B7A1C7470DD006F01B2 /* version.h */ = {isa = PBXFileReference; fileEncoding = 4; lastKnownFileType = sourcecode.c.h; path = version.h; sourceTree = "<group>"; };
		05741B7B1C7470DD006F01B2 /* videotoolbox.h */ = {isa = PBXFileReference; fileEncoding = 4; lastKnownFileType = sourcecode.c.h; path = videotoolbox.h; sourceTree = "<group>"; };
		05741B7C1C7470DD006F01B2 /* vorbis_parser.h */ = {isa = PBXFileReference; fileEncoding = 4; lastKnownFileType = sourcecode.c.h; path = vorbis_parser.h; sourceTree = "<group>"; };
		05741B7D1C7470DD006F01B2 /* xvmc.h */ = {isa = PBXFileReference; fileEncoding = 4; lastKnownFileType = sourcecode.c.h; path = xvmc.h; sourceTree = "<group>"; };
		05741B7F1C7470DD006F01B2 /* avdevice.h */ = {isa = PBXFileReference; fileEncoding = 4; lastKnownFileType = sourcecode.c.h; path = avdevice.h; sourceTree = "<group>"; };
		05741B801C7470DD006F01B2 /* version.h */ = {isa = PBXFileReference; fileEncoding = 4; lastKnownFileType = sourcecode.c.h; path = version.h; sourceTree = "<group>"; };
		05741B821C7470DD006F01B2 /* asrc_abuffer.h */ = {isa = PBXFileReference; fileEncoding = 4; lastKnownFileType = sourcecode.c.h; path = asrc_abuffer.h; sourceTree = "<group>"; };
		05741B831C7470DD006F01B2 /* avcodec.h */ = {isa = PBXFileReference; fileEncoding = 4; lastKnownFileType = sourcecode.c.h; path = avcodec.h; sourceTree = "<group>"; };
		05741B841C7470DD006F01B2 /* avfilter.h */ = {isa = PBXFileReference; fileEncoding = 4; lastKnownFileType = sourcecode.c.h; path = avfilter.h; sourceTree = "<group>"; };
		05741B851C7470DD006F01B2 /* avfiltergraph.h */ = {isa = PBXFileReference; fileEncoding = 4; lastKnownFileType = sourcecode.c.h; path = avfiltergraph.h; sourceTree = "<group>"; };
		05741B861C7470DD006F01B2 /* buffersink.h */ = {isa = PBXFileReference; fileEncoding = 4; lastKnownFileType = sourcecode.c.h; path = buffersink.h; sourceTree = "<group>"; };
		05741B871C7470DD006F01B2 /* buffersrc.h */ = {isa = PBXFileReference; fileEncoding = 4; lastKnownFileType = sourcecode.c.h; path = buffersrc.h; sourceTree = "<group>"; };
		05741B881C7470DD006F01B2 /* version.h */ = {isa = PBXFileReference; fileEncoding = 4; lastKnownFileType = sourcecode.c.h; path = version.h; sourceTree = "<group>"; };
		05741B8A1C7470DD006F01B2 /* avformat.h */ = {isa = PBXFileReference; fileEncoding = 4; lastKnownFileType = sourcecode.c.h; path = avformat.h; sourceTree = "<group>"; };
		05741B8B1C7470DD006F01B2 /* avio.h */ = {isa = PBXFileReference; fileEncoding = 4; lastKnownFileType = sourcecode.c.h; path = avio.h; sourceTree = "<group>"; };
		05741B8C1C7470DD006F01B2 /* version.h */ = {isa = PBXFileReference; fileEncoding = 4; lastKnownFileType = sourcecode.c.h; path = version.h; sourceTree = "<group>"; };
		05741B8E1C7470DD006F01B2 /* adler32.h */ = {isa = PBXFileReference; fileEncoding = 4; lastKnownFileType = sourcecode.c.h; path = adler32.h; sourceTree = "<group>"; };
		05741B8F1C7470DD006F01B2 /* aes.h */ = {isa = PBXFileReference; fileEncoding = 4; lastKnownFileType = sourcecode.c.h; path = aes.h; sourceTree = "<group>"; };
		05741B901C7470DD006F01B2 /* attributes.h */ = {isa = PBXFileReference; fileEncoding = 4; lastKnownFileType = sourcecode.c.h; path = attributes.h; sourceTree = "<group>"; };
		05741B911C7470DD006F01B2 /* audio_fifo.h */ = {isa = PBXFileReference; fileEncoding = 4; lastKnownFileType = sourcecode.c.h; path = audio_fifo.h; sourceTree = "<group>"; };
		05741B921C7470DD006F01B2 /* audioconvert.h */ = {isa = PBXFileReference; fileEncoding = 4; lastKnownFileType = sourcecode.c.h; path = audioconvert.h; sourceTree = "<group>"; };
		05741B931C7470DD006F01B2 /* avassert.h */ = {isa = PBXFileReference; fileEncoding = 4; lastKnownFileType = sourcecode.c.h; path = avassert.h; sourceTree = "<group>"; };
		05741B941C7470DD006F01B2 /* avconfig.h */ = {isa = PBXFileReference; fileEncoding = 4; lastKnownFileType = sourcecode.c.h; path = avconfig.h; sourceTree = "<group>"; };
		05741B951C7470DD006F01B2 /* avstring.h */ = {isa = PBXFileReference; fileEncoding = 4; lastKnownFileType = sourcecode.c.h; path = avstring.h; sourceTree = "<group>"; };
		05741B961C7470DD006F01B2 /* avutil.h */ = {isa = PBXFileReference; fileEncoding = 4; lastKnownFileType = sourcecode.c.h; path = avutil.h; sourceTree = "<group>"; };
		05741B971C7470DD006F01B2 /* base64.h */ = {isa = PBXFileReference; fileEncoding = 4; lastKnownFileType = sourcecode.c.h; path = base64.h; sourceTree = "<group>"; };
		05741B981C7470DD006F01B2 /* blowfish.h */ = {isa = PBXFileReference; fileEncoding = 4; lastKnownFileType = sourcecode.c.h; path = blowfish.h; sourceTree = "<group>"; };
		05741B991C7470DD006F01B2 /* bprint.h */ = {isa = PBXFileReference; fileEncoding = 4; lastKnownFileType = sourcecode.c.h; path = bprint.h; sourceTree = "<group>"; };
		05741B9A1C7470DD006F01B2 /* bswap.h */ = {isa = PBXFileReference; fileEncoding = 4; lastKnownFileType = sourcecode.c.h; path = bswap.h; sourceTree = "<group>"; };
		05741B9B1C7470DD006F01B2 /* buffer.h */ = {isa = PBXFileReference; fileEncoding = 4; lastKnownFileType = sourcecode.c.h; path = buffer.h; sourceTree = "<group>"; };
		05741B9C1C7470DD006F01B2 /* camellia.h */ = {isa = PBXFileReference; fileEncoding = 4; lastKnownFileType = sourcecode.c.h; path = camellia.h; sourceTree = "<group>"; };
		05741B9D1C7470DD006F01B2 /* cast5.h */ = {isa = PBXFileReference; fileEncoding = 4; lastKnownFileType = sourcecode.c.h; path = cast5.h; sourceTree = "<group>"; };
		05741B9E1C7470DD006F01B2 /* channel_layout.h */ = {isa = PBXFileReference; fileEncoding = 4; lastKnownFileType = sourcecode.c.h; path = channel_layout.h; sourceTree = "<group>"; };
		05741B9F1C7470DD006F01B2 /* common.h */ = {isa = PBXFileReference; fileEncoding = 4; lastKnownFileType = sourcecode.c.h; path = common.h; sourceTree = "<group>"; };
		05741BA01C7470DD006F01B2 /* cpu.h */ = {isa = PBXFileReference; fileEncoding = 4; lastKnownFileType = sourcecode.c.h; path = cpu.h; sourceTree = "<group>"; };
		05741BA11C7470DD006F01B2 /* crc.h */ = {isa = PBXFileReference; fileEncoding = 4; lastKnownFileType = sourcecode.c.h; path = crc.h; sourceTree = "<group>"; };
		05741BA21C7470DD006F01B2 /* dict.h */ = {isa = PBXFileReference; fileEncoding = 4; lastKnownFileType = sourcecode.c.h; path = dict.h; sourceTree = "<group>"; };
		05741BA31C7470DD006F01B2 /* display.h */ = {isa = PBXFileReference; fileEncoding = 4; lastKnownFileType = sourcecode.c.h; path = display.h; sourceTree = "<group>"; };
		05741BA41C7470DD006F01B2 /* downmix_info.h */ = {isa = PBXFileReference; fileEncoding = 4; lastKnownFileType = sourcecode.c.h; path = downmix_info.h; sourceTree = "<group>"; };
		05741BA51C7470DD006F01B2 /* error.h */ = {isa = PBXFileReference; fileEncoding = 4; lastKnownFileType = sourcecode.c.h; path = error.h; sourceTree = "<group>"; };
		05741BA61C7470DD006F01B2 /* eval.h */ = {isa = PBXFileReference; fileEncoding = 4; lastKnownFileType = sourcecode.c.h; path = eval.h; sourceTree = "<group>"; };
		05741BA71C7470DD006F01B2 /* ffversion.h */ = {isa = PBXFileReference; fileEncoding = 4; lastKnownFileType = sourcecode.c.h; path = ffversion.h; sourceTree = "<group>"; };
		05741BA81C7470DD006F01B2 /* fifo.h */ = {isa = PBXFileReference; fileEncoding = 4; lastKnownFileType = sourcecode.c.h; path = fifo.h; sourceTree = "<group>"; };
		05741BA91C7470DD006F01B2 /* file.h */ = {isa = PBXFileReference; fileEncoding = 4; lastKnownFileType = sourcecode.c.h; path = file.h; sourceTree = "<group>"; };
		05741BAA1C7470DD006F01B2 /* frame.h */ = {isa = PBXFileReference; fileEncoding = 4; lastKnownFileType = sourcecode.c.h; path = frame.h; sourceTree = "<group>"; };
		05741BAB1C7470DD006F01B2 /* hash.h */ = {isa = PBXFileReference; fileEncoding = 4; lastKnownFileType = sourcecode.c.h; path = hash.h; sourceTree = "<group>"; };
		05741BAC1C7470DD006F01B2 /* hmac.h */ = {isa = PBXFileReference; fileEncoding = 4; lastKnownFileType = sourcecode.c.h; path = hmac.h; sourceTree = "<group>"; };
		05741BAD1C7470DD006F01B2 /* imgutils.h */ = {isa = PBXFileReference; fileEncoding = 4; lastKnownFileType = sourcecode.c.h; path = imgutils.h; sourceTree = "<group>"; };
		05741BAE1C7470DD006F01B2 /* intfloat.h */ = {isa = PBXFileReference; fileEncoding = 4; lastKnownFileType = sourcecode.c.h; path = intfloat.h; sourceTree = "<group>"; };
		05741BAF1C7470DD006F01B2 /* intreadwrite.h */ = {isa = PBXFileReference; fileEncoding = 4; lastKnownFileType = sourcecode.c.h; path = intreadwrite.h; sourceTree = "<group>"; };
		05741BB01C7470DD006F01B2 /* lfg.h */ = {isa = PBXFileReference; fileEncoding = 4; lastKnownFileType = sourcecode.c.h; path = lfg.h; sourceTree = "<group>"; };
		05741BB11C7470DD006F01B2 /* log.h */ = {isa = PBXFileReference; fileEncoding = 4; lastKnownFileType = sourcecode.c.h; path = log.h; sourceTree = "<group>"; };
		05741BB21C7470DD006F01B2 /* lzo.h */ = {isa = PBXFileReference; fileEncoding = 4; lastKnownFileType = sourcecode.c.h; path = lzo.h; sourceTree = "<group>"; };
		05741BB31C7470DD006F01B2 /* macros.h */ = {isa = PBXFileReference; fileEncoding = 4; lastKnownFileType = sourcecode.c.h; path = macros.h; sourceTree = "<group>"; };
		05741BB41C7470DD006F01B2 /* mathematics.h */ = {isa = PBXFileReference; fileEncoding = 4; lastKnownFileType = sourcecode.c.h; path = mathematics.h; sourceTree = "<group>"; };
		05741BB51C7470DD006F01B2 /* md5.h */ = {isa = PBXFileReference; fileEncoding = 4; lastKnownFileType = sourcecode.c.h; path = md5.h; sourceTree = "<group>"; };
		05741BB61C7470DD006F01B2 /* mem.h */ = {isa = PBXFileReference; fileEncoding = 4; lastKnownFileType = sourcecode.c.h; path = mem.h; sourceTree = "<group>"; };
		05741BB71C7470DD006F01B2 /* motion_vector.h */ = {isa = PBXFileReference; fileEncoding = 4; lastKnownFileType = sourcecode.c.h; path = motion_vector.h; sourceTree = "<group>"; };
		05741BB81C7470DD006F01B2 /* murmur3.h */ = {isa = PBXFileReference; fileEncoding = 4; lastKnownFileType = sourcecode.c.h; path = murmur3.h; sourceTree = "<group>"; };
		05741BB91C7470DD006F01B2 /* old_pix_fmts.h */ = {isa = PBXFileReference; fileEncoding = 4; lastKnownFileType = sourcecode.c.h; path = old_pix_fmts.h; sourceTree = "<group>"; };
		05741BBA1C7470DD006F01B2 /* opt.h */ = {isa = PBXFileReference; fileEncoding = 4; lastKnownFileType = sourcecode.c.h; path = opt.h; sourceTree = "<group>"; };
		05741BBB1C7470DD006F01B2 /* parseutils.h */ = {isa = PBXFileReference; fileEncoding = 4; lastKnownFileType = sourcecode.c.h; path = parseutils.h; sourceTree = "<group>"; };
		05741BBC1C7470DD006F01B2 /* pixdesc.h */ = {isa = PBXFileReference; fileEncoding = 4; lastKnownFileType = sourcecode.c.h; path = pixdesc.h; sourceTree = "<group>"; };
		05741BBD1C7470DD006F01B2 /* pixelutils.h */ = {isa = PBXFileReference; fileEncoding = 4; lastKnownFileType = sourcecode.c.h; path = pixelutils.h; sourceTree = "<group>"; };
		05741BBE1C7470DD006F01B2 /* pixfmt.h */ = {isa = PBXFileReference; fileEncoding = 4; lastKnownFileType = sourcecode.c.h; path = pixfmt.h; sourceTree = "<group>"; };
		05741BBF1C7470DD006F01B2 /* random_seed.h */ = {isa = PBXFileReference; fileEncoding = 4; lastKnownFileType = sourcecode.c.h; path = random_seed.h; sourceTree = "<group>"; };
		05741BC01C7470DD006F01B2 /* rational.h */ = {isa = PBXFileReference; fileEncoding = 4; lastKnownFileType = sourcecode.c.h; path = rational.h; sourceTree = "<group>"; };
		05741BC11C7470DD006F01B2 /* replaygain.h */ = {isa = PBXFileReference; fileEncoding = 4; lastKnownFileType = sourcecode.c.h; path = replaygain.h; sourceTree = "<group>"; };
		05741BC21C7470DD006F01B2 /* ripemd.h */ = {isa = PBXFileReference; fileEncoding = 4; lastKnownFileType = sourcecode.c.h; path = ripemd.h; sourceTree = "<group>"; };
		05741BC31C7470DD006F01B2 /* samplefmt.h */ = {isa = PBXFileReference; fileEncoding = 4; lastKnownFileType = sourcecode.c.h; path = samplefmt.h; sourceTree = "<group>"; };
		05741BC41C7470DD006F01B2 /* sha.h */ = {isa = PBXFileReference; fileEncoding = 4; lastKnownFileType = sourcecode.c.h; path = sha.h; sourceTree = "<group>"; };
		05741BC51C7470DD006F01B2 /* sha512.h */ = {isa = PBXFileReference; fileEncoding = 4; lastKnownFileType = sourcecode.c.h; path = sha512.h; sourceTree = "<group>"; };
		05741BC61C7470DD006F01B2 /* stereo3d.h */ = {isa = PBXFileReference; fileEncoding = 4; lastKnownFileType = sourcecode.c.h; path = stereo3d.h; sourceTree = "<group>"; };
		05741BC71C7470DD006F01B2 /* tea.h */ = {isa = PBXFileReference; fileEncoding = 4; lastKnownFileType = sourcecode.c.h; path = tea.h; sourceTree = "<group>"; };
		05741BC81C7470DD006F01B2 /* threadmessage.h */ = {isa = PBXFileReference; fileEncoding = 4; lastKnownFileType = sourcecode.c.h; path = threadmessage.h; sourceTree = "<group>"; };
		05741BC91C7470DD006F01B2 /* time.h */ = {isa = PBXFileReference; fileEncoding = 4; lastKnownFileType = sourcecode.c.h; path = time.h; sourceTree = "<group>"; };
		05741BCA1C7470DD006F01B2 /* timecode.h */ = {isa = PBXFileReference; fileEncoding = 4; lastKnownFileType = sourcecode.c.h; path = timecode.h; sourceTree = "<group>"; };
		05741BCB1C7470DD006F01B2 /* timestamp.h */ = {isa = PBXFileReference; fileEncoding = 4; lastKnownFileType = sourcecode.c.h; path = timestamp.h; sourceTree = "<group>"; };
		05741BCC1C7470DD006F01B2 /* twofish.h */ = {isa = PBXFileReference; fileEncoding = 4; lastKnownFileType = sourcecode.c.h; path = twofish.h; sourceTree = "<group>"; };
		05741BCD1C7470DD006F01B2 /* version.h */ = {isa = PBXFileReference; fileEncoding = 4; lastKnownFileType = sourcecode.c.h; path = version.h; sourceTree = "<group>"; };
		05741BCE1C7470DD006F01B2 /* xtea.h */ = {isa = PBXFileReference; fileEncoding = 4; lastKnownFileType = sourcecode.c.h; path = xtea.h; sourceTree = "<group>"; };
		05741BD01C7470DD006F01B2 /* swresample.h */ = {isa = PBXFileReference; fileEncoding = 4; lastKnownFileType = sourcecode.c.h; path = swresample.h; sourceTree = "<group>"; };
		05741BD11C7470DD006F01B2 /* version.h */ = {isa = PBXFileReference; fileEncoding = 4; lastKnownFileType = sourcecode.c.h; path = version.h; sourceTree = "<group>"; };
		05741BD31C7470DD006F01B2 /* swscale.h */ = {isa = PBXFileReference; fileEncoding = 4; lastKnownFileType = sourcecode.c.h; path = swscale.h; sourceTree = "<group>"; };
		05741BD41C7470DD006F01B2 /* version.h */ = {isa = PBXFileReference; fileEncoding = 4; lastKnownFileType = sourcecode.c.h; path = version.h; sourceTree = "<group>"; };
		05741BD61C7470DD006F01B2 /* libavcodec.a */ = {isa = PBXFileReference; lastKnownFileType = archive.ar; path = libavcodec.a; sourceTree = "<group>"; };
		05741BD71C7470DD006F01B2 /* libavdevice.a */ = {isa = PBXFileReference; lastKnownFileType = archive.ar; path = libavdevice.a; sourceTree = "<group>"; };
		05741BD81C7470DD006F01B2 /* libavfilter.a */ = {isa = PBXFileReference; lastKnownFileType = archive.ar; path = libavfilter.a; sourceTree = "<group>"; };
		05741BD91C7470DD006F01B2 /* libavformat.a */ = {isa = PBXFileReference; lastKnownFileType = archive.ar; path = libavformat.a; sourceTree = "<group>"; };
		05741BDA1C7470DD006F01B2 /* libavutil.a */ = {isa = PBXFileReference; lastKnownFileType = archive.ar; path = libavutil.a; sourceTree = "<group>"; };
		05741BDB1C7470DD006F01B2 /* libswresample.a */ = {isa = PBXFileReference; lastKnownFileType = archive.ar; path = libswresample.a; sourceTree = "<group>"; };
		05741BDC1C7470DD006F01B2 /* libswscale.a */ = {isa = PBXFileReference; lastKnownFileType = archive.ar; path = libswscale.a; sourceTree = "<group>"; };
		05741BE41C747158006F01B2 /* libiconv.tbd */ = {isa = PBXFileReference; lastKnownFileType = "sourcecode.text-based-dylib-definition"; name = libiconv.tbd; path = usr/lib/libiconv.tbd; sourceTree = SDKROOT; };
		05741BE61C747175006F01B2 /* libbz2.tbd */ = {isa = PBXFileReference; lastKnownFileType = "sourcecode.text-based-dylib-definition"; name = libbz2.tbd; path = usr/lib/libbz2.tbd; sourceTree = SDKROOT; };
		25201B60F367C42A539AE687 /* libPods.a */ = {isa = PBXFileReference; explicitFileType = archive.ar; includeInIndex = 0; path = libPods.a; sourceTree = BUILT_PRODUCTS_DIR; };
		30065C051C19A80000A0DA9D /* libNine00SecondsSDK.a */ = {isa = PBXFileReference; lastKnownFileType = archive.ar; name = libNine00SecondsSDK.a; path = ../Nine00SecondsSDK/Product/libNine00SecondsSDK.a; sourceTree = "<group>"; };
		306E7C5E1C32BB180039A3A0 /* lookup_amatorka.png */ = {isa = PBXFileReference; lastKnownFileType = image.png; path = lookup_amatorka.png; sourceTree = "<group>"; };
		30DB58011C184F6B00771FCD /* CoreMedia.framework */ = {isa = PBXFileReference; lastKnownFileType = wrapper.framework; name = CoreMedia.framework; path = System/Library/Frameworks/CoreMedia.framework; sourceTree = SDKROOT; };
		30DB58031C184F7700771FCD /* CoreVideo.framework */ = {isa = PBXFileReference; lastKnownFileType = wrapper.framework; name = CoreVideo.framework; path = System/Library/Frameworks/CoreVideo.framework; sourceTree = SDKROOT; };
		30DB58051C184F8000771FCD /* OpenGLES.framework */ = {isa = PBXFileReference; lastKnownFileType = wrapper.framework; name = OpenGLES.framework; path = System/Library/Frameworks/OpenGLES.framework; sourceTree = SDKROOT; };
		30DB58071C184F8A00771FCD /* AVFoundation.framework */ = {isa = PBXFileReference; lastKnownFileType = wrapper.framework; name = AVFoundation.framework; path = System/Library/Frameworks/AVFoundation.framework; sourceTree = SDKROOT; };
		30DB58091C184F9300771FCD /* QuartzCore.framework */ = {isa = PBXFileReference; lastKnownFileType = wrapper.framework; name = QuartzCore.framework; path = System/Library/Frameworks/QuartzCore.framework; sourceTree = SDKROOT; };
		30DB5A481C189F9F00771FCD /* AWSCore.framework */ = {isa = PBXFileReference; lastKnownFileType = wrapper.framework; path = AWSCore.framework; sourceTree = "<group>"; };
		30DB5A491C189F9F00771FCD /* AWSS3.framework */ = {isa = PBXFileReference; lastKnownFileType = wrapper.framework; path = AWSS3.framework; sourceTree = "<group>"; };
		7422F6981AD8008F002B1661 /* DVGFeatureListTableViewController.h */ = {isa = PBXFileReference; fileEncoding = 4; lastKnownFileType = sourcecode.c.h; path = DVGFeatureListTableViewController.h; sourceTree = "<group>"; };
		7422F6991AD8008F002B1661 /* DVGFeatureListTableViewController.m */ = {isa = PBXFileReference; fileEncoding = 4; lastKnownFileType = sourcecode.c.objc; path = DVGFeatureListTableViewController.m; sourceTree = "<group>"; };
		7422F7061AD81358002B1661 /* Nine00SDKTesterLibSource.app */ = {isa = PBXFileReference; explicitFileType = wrapper.application; includeInIndex = 0; path = Nine00SDKTesterLibSource.app; sourceTree = BUILT_PRODUCTS_DIR; };
		74ACB79D1A4C21EF00900C67 /* CoreLocation.framework */ = {isa = PBXFileReference; lastKnownFileType = wrapper.framework; name = CoreLocation.framework; path = System/Library/Frameworks/CoreLocation.framework; sourceTree = SDKROOT; };
		74ACB7A11A4C6A9B00900C67 /* DVGStreamsDataController.h */ = {isa = PBXFileReference; fileEncoding = 4; lastKnownFileType = sourcecode.c.h; path = DVGStreamsDataController.h; sourceTree = "<group>"; };
		74ACB7A21A4C6A9B00900C67 /* DVGStreamsDataController.m */ = {isa = PBXFileReference; fileEncoding = 4; lastKnownFileType = sourcecode.c.objc; path = DVGStreamsDataController.m; sourceTree = "<group>"; };
		74ACB7A31A4C6A9B00900C67 /* DVGStreamSelectionViewController.h */ = {isa = PBXFileReference; fileEncoding = 4; lastKnownFileType = sourcecode.c.h; path = DVGStreamSelectionViewController.h; sourceTree = "<group>"; };
		74ACB7A41A4C6A9B00900C67 /* DVGStreamSelectionViewController.m */ = {isa = PBXFileReference; fileEncoding = 4; lastKnownFileType = sourcecode.c.objc; path = DVGStreamSelectionViewController.m; sourceTree = "<group>"; };
		74E8D1181A44401700E646AB /* Info.plist */ = {isa = PBXFileReference; lastKnownFileType = text.plist.xml; path = Info.plist; sourceTree = "<group>"; };
		74E8D1191A44401700E646AB /* main.m */ = {isa = PBXFileReference; lastKnownFileType = sourcecode.c.objc; path = main.m; sourceTree = "<group>"; };
		74E8D11B1A44401700E646AB /* AppDelegate.h */ = {isa = PBXFileReference; lastKnownFileType = sourcecode.c.h; path = AppDelegate.h; sourceTree = "<group>"; };
		74E8D11C1A44401700E646AB /* AppDelegate.m */ = {isa = PBXFileReference; lastKnownFileType = sourcecode.c.objc; path = AppDelegate.m; sourceTree = "<group>"; };
		74E8D1221A44401700E646AB /* Base */ = {isa = PBXFileReference; lastKnownFileType = file.storyboard; name = Base; path = Base.lproj/Main.storyboard; sourceTree = "<group>"; };
		74E8D1241A44401700E646AB /* Images.xcassets */ = {isa = PBXFileReference; lastKnownFileType = folder.assetcatalog; path = Images.xcassets; sourceTree = "<group>"; };
		74E8D1271A44401700E646AB /* Base */ = {isa = PBXFileReference; lastKnownFileType = file.xib; name = Base; path = Base.lproj/LaunchScreen.xib; sourceTree = "<group>"; };
		74E8D16E1A482DC700E646AB /* Nine00SDKTester.pch */ = {isa = PBXFileReference; lastKnownFileType = sourcecode.c.h; path = Nine00SDKTester.pch; sourceTree = "<group>"; };
		74E8D1971A4AECE500E646AB /* DVGCameraViewController.h */ = {isa = PBXFileReference; fileEncoding = 4; lastKnownFileType = sourcecode.c.h; path = DVGCameraViewController.h; sourceTree = "<group>"; };
		74E8D1981A4AECE500E646AB /* DVGCameraViewController.m */ = {isa = PBXFileReference; fileEncoding = 4; lastKnownFileType = sourcecode.c.objc; path = DVGCameraViewController.m; sourceTree = "<group>"; };
		869351681A4D4D0A00FF8532 /* DVGClusterAnnotationView.h */ = {isa = PBXFileReference; fileEncoding = 4; lastKnownFileType = sourcecode.c.h; path = DVGClusterAnnotationView.h; sourceTree = "<group>"; };
		869351691A4D4D0A00FF8532 /* DVGClusterAnnotationView.m */ = {isa = PBXFileReference; fileEncoding = 4; lastKnownFileType = sourcecode.c.objc; path = DVGClusterAnnotationView.m; sourceTree = "<group>"; };
		8693516A1A4D4D0A00FF8532 /* DVGStreamAnnotationView.h */ = {isa = PBXFileReference; fileEncoding = 4; lastKnownFileType = sourcecode.c.h; path = DVGStreamAnnotationView.h; sourceTree = "<group>"; };
		8693516B1A4D4D0A00FF8532 /* DVGStreamAnnotationView.m */ = {isa = PBXFileReference; fileEncoding = 4; lastKnownFileType = sourcecode.c.objc; path = DVGStreamAnnotationView.m; sourceTree = "<group>"; };
		8693516C1A4D4D0A00FF8532 /* DVGStreamOverlayRenderer.h */ = {isa = PBXFileReference; fileEncoding = 4; lastKnownFileType = sourcecode.c.h; path = DVGStreamOverlayRenderer.h; sourceTree = "<group>"; };
		8693516D1A4D4D0A00FF8532 /* DVGStreamOverlayRenderer.m */ = {isa = PBXFileReference; fileEncoding = 4; lastKnownFileType = sourcecode.c.objc; path = DVGStreamOverlayRenderer.m; sourceTree = "<group>"; };
		8693516E1A4D4D0A00FF8532 /* DVGStreamsMapAnnotationView.h */ = {isa = PBXFileReference; fileEncoding = 4; lastKnownFileType = sourcecode.c.h; path = DVGStreamsMapAnnotationView.h; sourceTree = "<group>"; };
		8693516F1A4D4D0A00FF8532 /* DVGStreamsMapAnnotationView.m */ = {isa = PBXFileReference; fileEncoding = 4; lastKnownFileType = sourcecode.c.objc; path = DVGStreamsMapAnnotationView.m; sourceTree = "<group>"; };
		869351701A4D4D0A00FF8532 /* DVGStreamsMapViewController.h */ = {isa = PBXFileReference; fileEncoding = 4; lastKnownFileType = sourcecode.c.h; path = DVGStreamsMapViewController.h; sourceTree = "<group>"; };
		869351711A4D4D0A00FF8532 /* DVGStreamsMapViewController.m */ = {isa = PBXFileReference; fileEncoding = 4; lastKnownFileType = sourcecode.c.objc; path = DVGStreamsMapViewController.m; sourceTree = "<group>"; };
		869351771A4D4D5700FF8532 /* DVGMKAnnotationUtilities.h */ = {isa = PBXFileReference; fileEncoding = 4; lastKnownFileType = sourcecode.c.h; path = DVGMKAnnotationUtilities.h; sourceTree = "<group>"; };
		869351781A4D4D5700FF8532 /* DVGMKAnnotationUtilities.m */ = {isa = PBXFileReference; fileEncoding = 4; lastKnownFileType = sourcecode.c.objc; path = DVGMKAnnotationUtilities.m; sourceTree = "<group>"; };
		86C870031A4CE2B2008CCEC0 /* NHSStream+MapKit.h */ = {isa = PBXFileReference; fileEncoding = 4; lastKnownFileType = sourcecode.c.h; path = "NHSStream+MapKit.h"; sourceTree = "<group>"; };
		86C870041A4CE2B2008CCEC0 /* NHSStream+MapKit.m */ = {isa = PBXFileReference; fileEncoding = 4; lastKnownFileType = sourcecode.c.objc; path = "NHSStream+MapKit.m"; sourceTree = "<group>"; };
		86C870091A4CE2B2008CCEC0 /* NHSViewer+MapKit.h */ = {isa = PBXFileReference; fileEncoding = 4; lastKnownFileType = sourcecode.c.h; path = "NHSViewer+MapKit.h"; sourceTree = "<group>"; };
		86C8700A1A4CE2B2008CCEC0 /* NHSViewer+MapKit.m */ = {isa = PBXFileReference; fileEncoding = 4; lastKnownFileType = sourcecode.c.objc; path = "NHSViewer+MapKit.m"; sourceTree = "<group>"; };
		A5652ACC898D108EE62B81C4 /* Pods.debug.xcconfig */ = {isa = PBXFileReference; includeInIndex = 1; lastKnownFileType = text.xcconfig; name = Pods.debug.xcconfig; path = "Pods/Target Support Files/Pods/Pods.debug.xcconfig"; sourceTree = "<group>"; };
		E7CFA67E949CEB60FDBDE983 /* Pods.release.xcconfig */ = {isa = PBXFileReference; includeInIndex = 1; lastKnownFileType = text.xcconfig; name = Pods.release.xcconfig; path = "Pods/Target Support Files/Pods/Pods.release.xcconfig"; sourceTree = "<group>"; };
/* End PBXFileReference section */

/* Begin PBXFrameworksBuildPhase section */
		7422F6F61AD81358002B1661 /* Frameworks */ = {
			isa = PBXFrameworksBuildPhase;
			buildActionMask = 2147483647;
			files = (
				05741BE71C747175006F01B2 /* libbz2.tbd in Frameworks */,
				05741BE51C747158006F01B2 /* libiconv.tbd in Frameworks */,
				05741B6C1C747065006F01B2 /* CoreFoundation.framework in Frameworks */,
				30065C061C19A80000A0DA9D /* libNine00SecondsSDK.a in Frameworks */,
				30DB5A471C189AD100771FCD /* CoreMedia.framework in Frameworks */,
				05741BE01C7470DD006F01B2 /* libavformat.a in Frameworks */,
				30DB5A461C189ACC00771FCD /* CoreVideo.framework in Frameworks */,
				05741B6A1C746FB2006F01B2 /* libNine00SecondsSDK.a in Frameworks */,
				05741BE31C7470DD006F01B2 /* libswscale.a in Frameworks */,
				05741BE11C7470DD006F01B2 /* libavutil.a in Frameworks */,
				30DB5A451C189AC200771FCD /* AVFoundation.framework in Frameworks */,
				30DB5A441C189AB800771FCD /* OpenGLES.framework in Frameworks */,
				7422F6F81AD81358002B1661 /* CoreLocation.framework in Frameworks */,
				30DB5A4B1C189F9F00771FCD /* AWSCore.framework in Frameworks */,
				05741BE21C7470DD006F01B2 /* libswresample.a in Frameworks */,
				7422F6FA1AD81358002B1661 /* libPods.a in Frameworks */,
				05741BDF1C7470DD006F01B2 /* libavfilter.a in Frameworks */,
				30DB5A4D1C189F9F00771FCD /* AWSS3.framework in Frameworks */,
				05741BDE1C7470DD006F01B2 /* libavdevice.a in Frameworks */,
				05741BDD1C7470DD006F01B2 /* libavcodec.a in Frameworks */,
			);
			runOnlyForDeploymentPostprocessing = 0;
		};
/* End PBXFrameworksBuildPhase section */

/* Begin PBXGroup section */
		05741B3F1C746DD8006F01B2 /* extobjc */ = {
			isa = PBXGroup;
			children = (
				05741B401C746DD8006F01B2 /* EXTADT.h */,
				05741B411C746DD8006F01B2 /* EXTADT.m */,
				05741B421C746DD8006F01B2 /* EXTConcreteProtocol.h */,
				05741B431C746DD8006F01B2 /* EXTConcreteProtocol.m */,
				05741B441C746DD8006F01B2 /* EXTCoroutine.h */,
				05741B451C746DD8006F01B2 /* EXTKeyPathCoding.h */,
				05741B461C746DD8006F01B2 /* EXTNil.h */,
				05741B471C746DD8006F01B2 /* EXTNil.m */,
				05741B481C746DD8006F01B2 /* extobjc.h */,
				05741B491C746DD8006F01B2 /* extobjc_Prefix.pch */,
				05741B4A1C746DD8006F01B2 /* EXTRuntimeExtensions.h */,
				05741B4B1C746DD8006F01B2 /* EXTRuntimeExtensions.m */,
				05741B4C1C746DD8006F01B2 /* EXTSafeCategory.h */,
				05741B4D1C746DD8006F01B2 /* EXTSafeCategory.m */,
				05741B4E1C746DD8006F01B2 /* EXTScope.h */,
				05741B4F1C746DD8006F01B2 /* EXTScope.m */,
				05741B501C746DD8006F01B2 /* EXTSelectorChecking.h */,
				05741B511C746DD8006F01B2 /* EXTSelectorChecking.m */,
				05741B521C746DD8006F01B2 /* EXTSynthesize.h */,
				05741B531C746DD8006F01B2 /* metamacros.h */,
				05741B541C746DD8006F01B2 /* NSInvocation+EXT.h */,
				05741B551C746DD8006F01B2 /* NSInvocation+EXT.m */,
				05741B561C746DD8006F01B2 /* NSMethodSignature+EXT.h */,
				05741B571C746DD8006F01B2 /* NSMethodSignature+EXT.m */,
			);
			name = extobjc;
			path = Nine00SecondsSDKExample/extobjc;
			sourceTree = "<group>";
		};
		05741B611C746EAF006F01B2 /* Nine00SecondsSDK */ = {
			isa = PBXGroup;
			children = (
				05741B691C746FB2006F01B2 /* libNine00SecondsSDK.a */,
				05741B621C746EAF006F01B2 /* NHSApplication.h */,
				05741B631C746EAF006F01B2 /* NHSBroadcastManager.h */,
				05741B641C746EAF006F01B2 /* NHSStream.h */,
				05741B651C746EAF006F01B2 /* NHSStreamPlayerController.h */,
				05741B661C746EAF006F01B2 /* NHSViewer.h */,
				05741B671C746EAF006F01B2 /* Nine00SecondsSDK.h */,
				05741B681C746EAF006F01B2 /* NSDate+NHSUtilities.h */,
			);
			name = Nine00SecondsSDK;
			path = Nine00SecondsSDKExample/Nine00SecondsSDK;
			sourceTree = "<group>";
		};
		05741B6D1C7470DD006F01B2 /* ffmpeg-ios-static-libs */ = {
			isa = PBXGroup;
			children = (
				05741B6E1C7470DD006F01B2 /* include */,
				05741BD51C7470DD006F01B2 /* lib */,
			);
			name = "ffmpeg-ios-static-libs";
			path = "Nine00SecondsSDKExample/ffmpeg-ios-static-libs";
			sourceTree = "<group>";
		};
		05741B6E1C7470DD006F01B2 /* include */ = {
			isa = PBXGroup;
			children = (
				05741B6F1C7470DD006F01B2 /* libavcodec */,
				05741B7E1C7470DD006F01B2 /* libavdevice */,
				05741B811C7470DD006F01B2 /* libavfilter */,
				05741B891C7470DD006F01B2 /* libavformat */,
				05741B8D1C7470DD006F01B2 /* libavutil */,
				05741BCF1C7470DD006F01B2 /* libswresample */,
				05741BD21C7470DD006F01B2 /* libswscale */,
			);
			path = include;
			sourceTree = "<group>";
		};
		05741B6F1C7470DD006F01B2 /* libavcodec */ = {
			isa = PBXGroup;
			children = (
				05741B701C7470DD006F01B2 /* avcodec.h */,
				05741B711C7470DD006F01B2 /* avfft.h */,
				05741B721C7470DD006F01B2 /* d3d11va.h */,
				05741B731C7470DD006F01B2 /* dv_profile.h */,
				05741B741C7470DD006F01B2 /* dxva2.h */,
				05741B751C7470DD006F01B2 /* old_codec_ids.h */,
				05741B761C7470DD006F01B2 /* qsv.h */,
				05741B771C7470DD006F01B2 /* vaapi.h */,
				05741B781C7470DD006F01B2 /* vda.h */,
				05741B791C7470DD006F01B2 /* vdpau.h */,
				05741B7A1C7470DD006F01B2 /* version.h */,
				05741B7B1C7470DD006F01B2 /* videotoolbox.h */,
				05741B7C1C7470DD006F01B2 /* vorbis_parser.h */,
				05741B7D1C7470DD006F01B2 /* xvmc.h */,
			);
			path = libavcodec;
			sourceTree = "<group>";
		};
		05741B7E1C7470DD006F01B2 /* libavdevice */ = {
			isa = PBXGroup;
			children = (
				05741B7F1C7470DD006F01B2 /* avdevice.h */,
				05741B801C7470DD006F01B2 /* version.h */,
			);
			path = libavdevice;
			sourceTree = "<group>";
		};
		05741B811C7470DD006F01B2 /* libavfilter */ = {
			isa = PBXGroup;
			children = (
				05741B821C7470DD006F01B2 /* asrc_abuffer.h */,
				05741B831C7470DD006F01B2 /* avcodec.h */,
				05741B841C7470DD006F01B2 /* avfilter.h */,
				05741B851C7470DD006F01B2 /* avfiltergraph.h */,
				05741B861C7470DD006F01B2 /* buffersink.h */,
				05741B871C7470DD006F01B2 /* buffersrc.h */,
				05741B881C7470DD006F01B2 /* version.h */,
			);
			path = libavfilter;
			sourceTree = "<group>";
		};
		05741B891C7470DD006F01B2 /* libavformat */ = {
			isa = PBXGroup;
			children = (
				05741B8A1C7470DD006F01B2 /* avformat.h */,
				05741B8B1C7470DD006F01B2 /* avio.h */,
				05741B8C1C7470DD006F01B2 /* version.h */,
			);
			path = libavformat;
			sourceTree = "<group>";
		};
		05741B8D1C7470DD006F01B2 /* libavutil */ = {
			isa = PBXGroup;
			children = (
				05741B8E1C7470DD006F01B2 /* adler32.h */,
				05741B8F1C7470DD006F01B2 /* aes.h */,
				05741B901C7470DD006F01B2 /* attributes.h */,
				05741B911C7470DD006F01B2 /* audio_fifo.h */,
				05741B921C7470DD006F01B2 /* audioconvert.h */,
				05741B931C7470DD006F01B2 /* avassert.h */,
				05741B941C7470DD006F01B2 /* avconfig.h */,
				05741B951C7470DD006F01B2 /* avstring.h */,
				05741B961C7470DD006F01B2 /* avutil.h */,
				05741B971C7470DD006F01B2 /* base64.h */,
				05741B981C7470DD006F01B2 /* blowfish.h */,
				05741B991C7470DD006F01B2 /* bprint.h */,
				05741B9A1C7470DD006F01B2 /* bswap.h */,
				05741B9B1C7470DD006F01B2 /* buffer.h */,
				05741B9C1C7470DD006F01B2 /* camellia.h */,
				05741B9D1C7470DD006F01B2 /* cast5.h */,
				05741B9E1C7470DD006F01B2 /* channel_layout.h */,
				05741B9F1C7470DD006F01B2 /* common.h */,
				05741BA01C7470DD006F01B2 /* cpu.h */,
				05741BA11C7470DD006F01B2 /* crc.h */,
				05741BA21C7470DD006F01B2 /* dict.h */,
				05741BA31C7470DD006F01B2 /* display.h */,
				05741BA41C7470DD006F01B2 /* downmix_info.h */,
				05741BA51C7470DD006F01B2 /* error.h */,
				05741BA61C7470DD006F01B2 /* eval.h */,
				05741BA71C7470DD006F01B2 /* ffversion.h */,
				05741BA81C7470DD006F01B2 /* fifo.h */,
				05741BA91C7470DD006F01B2 /* file.h */,
				05741BAA1C7470DD006F01B2 /* frame.h */,
				05741BAB1C7470DD006F01B2 /* hash.h */,
				05741BAC1C7470DD006F01B2 /* hmac.h */,
				05741BAD1C7470DD006F01B2 /* imgutils.h */,
				05741BAE1C7470DD006F01B2 /* intfloat.h */,
				05741BAF1C7470DD006F01B2 /* intreadwrite.h */,
				05741BB01C7470DD006F01B2 /* lfg.h */,
				05741BB11C7470DD006F01B2 /* log.h */,
				05741BB21C7470DD006F01B2 /* lzo.h */,
				05741BB31C7470DD006F01B2 /* macros.h */,
				05741BB41C7470DD006F01B2 /* mathematics.h */,
				05741BB51C7470DD006F01B2 /* md5.h */,
				05741BB61C7470DD006F01B2 /* mem.h */,
				05741BB71C7470DD006F01B2 /* motion_vector.h */,
				05741BB81C7470DD006F01B2 /* murmur3.h */,
				05741BB91C7470DD006F01B2 /* old_pix_fmts.h */,
				05741BBA1C7470DD006F01B2 /* opt.h */,
				05741BBB1C7470DD006F01B2 /* parseutils.h */,
				05741BBC1C7470DD006F01B2 /* pixdesc.h */,
				05741BBD1C7470DD006F01B2 /* pixelutils.h */,
				05741BBE1C7470DD006F01B2 /* pixfmt.h */,
				05741BBF1C7470DD006F01B2 /* random_seed.h */,
				05741BC01C7470DD006F01B2 /* rational.h */,
				05741BC11C7470DD006F01B2 /* replaygain.h */,
				05741BC21C7470DD006F01B2 /* ripemd.h */,
				05741BC31C7470DD006F01B2 /* samplefmt.h */,
				05741BC41C7470DD006F01B2 /* sha.h */,
				05741BC51C7470DD006F01B2 /* sha512.h */,
				05741BC61C7470DD006F01B2 /* stereo3d.h */,
				05741BC71C7470DD006F01B2 /* tea.h */,
				05741BC81C7470DD006F01B2 /* threadmessage.h */,
				05741BC91C7470DD006F01B2 /* time.h */,
				05741BCA1C7470DD006F01B2 /* timecode.h */,
				05741BCB1C7470DD006F01B2 /* timestamp.h */,
				05741BCC1C7470DD006F01B2 /* twofish.h */,
				05741BCD1C7470DD006F01B2 /* version.h */,
				05741BCE1C7470DD006F01B2 /* xtea.h */,
			);
			path = libavutil;
			sourceTree = "<group>";
		};
		05741BCF1C7470DD006F01B2 /* libswresample */ = {
			isa = PBXGroup;
			children = (
				05741BD01C7470DD006F01B2 /* swresample.h */,
				05741BD11C7470DD006F01B2 /* version.h */,
			);
			path = libswresample;
			sourceTree = "<group>";
		};
		05741BD21C7470DD006F01B2 /* libswscale */ = {
			isa = PBXGroup;
			children = (
				05741BD31C7470DD006F01B2 /* swscale.h */,
				05741BD41C7470DD006F01B2 /* version.h */,
			);
			path = libswscale;
			sourceTree = "<group>";
		};
		05741BD51C7470DD006F01B2 /* lib */ = {
			isa = PBXGroup;
			children = (
				05741BD61C7470DD006F01B2 /* libavcodec.a */,
				05741BD71C7470DD006F01B2 /* libavdevice.a */,
				05741BD81C7470DD006F01B2 /* libavfilter.a */,
				05741BD91C7470DD006F01B2 /* libavformat.a */,
				05741BDA1C7470DD006F01B2 /* libavutil.a */,
				05741BDB1C7470DD006F01B2 /* libswresample.a */,
				05741BDC1C7470DD006F01B2 /* libswscale.a */,
			);
			path = lib;
			sourceTree = "<group>";
		};
		6A95E88C0F69454493E1DACE /* Pods */ = {
			isa = PBXGroup;
			children = (
				A5652ACC898D108EE62B81C4 /* Pods.debug.xcconfig */,
				E7CFA67E949CEB60FDBDE983 /* Pods.release.xcconfig */,
			);
			name = Pods;
			sourceTree = "<group>";
		};
		74E8D10B1A44401700E646AB = {
			isa = PBXGroup;
			children = (
				74E8D1161A44401700E646AB /* Nine00SecondsSDKExample */,
				74E8D13D1A4441EF00E646AB /* Vendor */,
				74E8D1151A44401700E646AB /* Products */,
				6A95E88C0F69454493E1DACE /* Pods */,
				AC96C032B819A9FC346BEA46 /* Frameworks */,
			);
			sourceTree = "<group>";
		};
		74E8D1151A44401700E646AB /* Products */ = {
			isa = PBXGroup;
			children = (
				7422F7061AD81358002B1661 /* Nine00SDKTesterLibSource.app */,
			);
			name = Products;
			sourceTree = "<group>";
		};
		74E8D1161A44401700E646AB /* Nine00SecondsSDKExample */ = {
			isa = PBXGroup;
			children = (
				86C870121A4CE2E4008CCEC0 /* Helpers */,
				86C8700F1A4CE2B6008CCEC0 /* View Controllers */,
				74E8D11B1A44401700E646AB /* AppDelegate.h */,
				74E8D11C1A44401700E646AB /* AppDelegate.m */,
				74E8D1171A44401700E646AB /* Supporting Files */,
			);
			path = Nine00SecondsSDKExample;
			sourceTree = "<group>";
		};
		74E8D1171A44401700E646AB /* Supporting Files */ = {
			isa = PBXGroup;
			children = (
				74E8D1261A44401700E646AB /* LaunchScreen.xib */,
				74E8D1241A44401700E646AB /* Images.xcassets */,
				74E8D1211A44401700E646AB /* Main.storyboard */,
				306E7C5E1C32BB180039A3A0 /* lookup_amatorka.png */,
				74E8D1181A44401700E646AB /* Info.plist */,
				74E8D1191A44401700E646AB /* main.m */,
				74E8D16E1A482DC700E646AB /* Nine00SDKTester.pch */,
			);
			name = "Supporting Files";
			sourceTree = "<group>";
		};
		74E8D13D1A4441EF00E646AB /* Vendor */ = {
			isa = PBXGroup;
			children = (
				05741B6D1C7470DD006F01B2 /* ffmpeg-ios-static-libs */,
				05741B611C746EAF006F01B2 /* Nine00SecondsSDK */,
				05741B3F1C746DD8006F01B2 /* extobjc */,
			);
			name = Vendor;
			sourceTree = "<group>";
		};
		869351671A4D4CF400FF8532 /* Map */ = {
			isa = PBXGroup;
			children = (
				869351681A4D4D0A00FF8532 /* DVGClusterAnnotationView.h */,
				869351691A4D4D0A00FF8532 /* DVGClusterAnnotationView.m */,
				8693516A1A4D4D0A00FF8532 /* DVGStreamAnnotationView.h */,
				8693516B1A4D4D0A00FF8532 /* DVGStreamAnnotationView.m */,
				8693516C1A4D4D0A00FF8532 /* DVGStreamOverlayRenderer.h */,
				8693516D1A4D4D0A00FF8532 /* DVGStreamOverlayRenderer.m */,
				8693516E1A4D4D0A00FF8532 /* DVGStreamsMapAnnotationView.h */,
				8693516F1A4D4D0A00FF8532 /* DVGStreamsMapAnnotationView.m */,
				869351701A4D4D0A00FF8532 /* DVGStreamsMapViewController.h */,
				869351711A4D4D0A00FF8532 /* DVGStreamsMapViewController.m */,
			);
			name = Map;
			sourceTree = "<group>";
		};
		86C8700F1A4CE2B6008CCEC0 /* View Controllers */ = {
			isa = PBXGroup;
			children = (
				869351671A4D4CF400FF8532 /* Map */,
				86C870131A4CE2F7008CCEC0 /* Camera */,
				86C870111A4CE2D3008CCEC0 /* Streams List */,
				7422F6981AD8008F002B1661 /* DVGFeatureListTableViewController.h */,
				7422F6991AD8008F002B1661 /* DVGFeatureListTableViewController.m */,
			);
			name = "View Controllers";
			sourceTree = "<group>";
		};
		86C870111A4CE2D3008CCEC0 /* Streams List */ = {
			isa = PBXGroup;
			children = (
				74ACB7A11A4C6A9B00900C67 /* DVGStreamsDataController.h */,
				74ACB7A21A4C6A9B00900C67 /* DVGStreamsDataController.m */,
				74ACB7A31A4C6A9B00900C67 /* DVGStreamSelectionViewController.h */,
				74ACB7A41A4C6A9B00900C67 /* DVGStreamSelectionViewController.m */,
			);
			name = "Streams List";
			sourceTree = "<group>";
		};
		86C870121A4CE2E4008CCEC0 /* Helpers */ = {
			isa = PBXGroup;
			children = (
				869351771A4D4D5700FF8532 /* DVGMKAnnotationUtilities.h */,
				869351781A4D4D5700FF8532 /* DVGMKAnnotationUtilities.m */,
				86C870031A4CE2B2008CCEC0 /* NHSStream+MapKit.h */,
				86C870041A4CE2B2008CCEC0 /* NHSStream+MapKit.m */,
				86C870091A4CE2B2008CCEC0 /* NHSViewer+MapKit.h */,
				86C8700A1A4CE2B2008CCEC0 /* NHSViewer+MapKit.m */,
			);
			name = Helpers;
			sourceTree = "<group>";
		};
		86C870131A4CE2F7008CCEC0 /* Camera */ = {
			isa = PBXGroup;
			children = (
				74E8D1971A4AECE500E646AB /* DVGCameraViewController.h */,
				74E8D1981A4AECE500E646AB /* DVGCameraViewController.m */,
			);
			name = Camera;
			sourceTree = "<group>";
		};
		AC96C032B819A9FC346BEA46 /* Frameworks */ = {
			isa = PBXGroup;
			children = (
				05741BE61C747175006F01B2 /* libbz2.tbd */,
				05741BE41C747158006F01B2 /* libiconv.tbd */,
				05741B6B1C747065006F01B2 /* CoreFoundation.framework */,
				30065C051C19A80000A0DA9D /* libNine00SecondsSDK.a */,
				30DB5A481C189F9F00771FCD /* AWSCore.framework */,
				30DB5A491C189F9F00771FCD /* AWSS3.framework */,
				30DB58091C184F9300771FCD /* QuartzCore.framework */,
				30DB58071C184F8A00771FCD /* AVFoundation.framework */,
				30DB58051C184F8000771FCD /* OpenGLES.framework */,
				30DB58031C184F7700771FCD /* CoreVideo.framework */,
				30DB58011C184F6B00771FCD /* CoreMedia.framework */,
				74ACB79D1A4C21EF00900C67 /* CoreLocation.framework */,
				25201B60F367C42A539AE687 /* libPods.a */,
			);
			name = Frameworks;
			sourceTree = "<group>";
		};
/* End PBXGroup section */

/* Begin PBXNativeTarget section */
		7422F6C51AD81358002B1661 /* Nine00SDKTesterSource */ = {
			isa = PBXNativeTarget;
			buildConfigurationList = 7422F7031AD81358002B1661 /* Build configuration list for PBXNativeTarget "Nine00SDKTesterSource" */;
			buildPhases = (
				7422F6C61AD81358002B1661 /* Check Pods Manifest.lock */,
				7422F6C71AD81358002B1661 /* Sources */,
				7422F6F61AD81358002B1661 /* Frameworks */,
				7422F6FE1AD81358002B1661 /* Resources */,
				7422F7021AD81358002B1661 /* Copy Pods Resources */,
				4020585C97F26D9F999BAD33 /* Embed Pods Frameworks */,
			);
			buildRules = (
			);
			dependencies = (
			);
			name = Nine00SDKTesterSource;
			productName = Nine00SecondsSDKExample;
			productReference = 7422F7061AD81358002B1661 /* Nine00SDKTesterLibSource.app */;
			productType = "com.apple.product-type.application";
		};
/* End PBXNativeTarget section */

/* Begin PBXProject section */
		74E8D10C1A44401700E646AB /* Project object */ = {
			isa = PBXProject;
			attributes = {
				LastUpgradeCheck = 0610;
				ORGANIZATIONNAME = "DENIVIP Group";
				TargetAttributes = {
					7422F6C51AD81358002B1661 = {
						DevelopmentTeam = 259TKEBYGU;
					};
				};
			};
			buildConfigurationList = 74E8D10F1A44401700E646AB /* Build configuration list for PBXProject "Nine00SDKTester" */;
			compatibilityVersion = "Xcode 3.2";
			developmentRegion = English;
			hasScannedForEncodings = 0;
			knownRegions = (
				en,
				Base,
			);
			mainGroup = 74E8D10B1A44401700E646AB;
			productRefGroup = 74E8D1151A44401700E646AB /* Products */;
			projectDirPath = "";
			projectRoot = "";
			targets = (
				7422F6C51AD81358002B1661 /* Nine00SDKTesterSource */,
			);
		};
/* End PBXProject section */

/* Begin PBXResourcesBuildPhase section */
		7422F6FE1AD81358002B1661 /* Resources */ = {
			isa = PBXResourcesBuildPhase;
			buildActionMask = 2147483647;
			files = (
				7422F6FF1AD81358002B1661 /* Main.storyboard in Resources */,
				7422F7001AD81358002B1661 /* LaunchScreen.xib in Resources */,
				7422F7011AD81358002B1661 /* Images.xcassets in Resources */,
				306E7C5F1C32BB180039A3A0 /* lookup_amatorka.png in Resources */,
			);
			runOnlyForDeploymentPostprocessing = 0;
		};
/* End PBXResourcesBuildPhase section */

/* Begin PBXShellScriptBuildPhase section */
		4020585C97F26D9F999BAD33 /* Embed Pods Frameworks */ = {
			isa = PBXShellScriptBuildPhase;
			buildActionMask = 2147483647;
			files = (
			);
			inputPaths = (
			);
			name = "Embed Pods Frameworks";
			outputPaths = (
			);
			runOnlyForDeploymentPostprocessing = 0;
			shellPath = /bin/sh;
			shellScript = "\"${SRCROOT}/Pods/Target Support Files/Pods/Pods-frameworks.sh\"\n";
			showEnvVarsInLog = 0;
		};
		7422F6C61AD81358002B1661 /* Check Pods Manifest.lock */ = {
			isa = PBXShellScriptBuildPhase;
			buildActionMask = 2147483647;
			files = (
			);
			inputPaths = (
			);
			name = "Check Pods Manifest.lock";
			outputPaths = (
			);
			runOnlyForDeploymentPostprocessing = 0;
			shellPath = /bin/sh;
			shellScript = "diff \"${PODS_ROOT}/../Podfile.lock\" \"${PODS_ROOT}/Manifest.lock\" > /dev/null\nif [[ $? != 0 ]] ; then\n    cat << EOM\nerror: The sandbox is not in sync with the Podfile.lock. Run 'pod install' or update your CocoaPods installation.\nEOM\n    exit 1\nfi\n";
			showEnvVarsInLog = 0;
		};
		7422F7021AD81358002B1661 /* Copy Pods Resources */ = {
			isa = PBXShellScriptBuildPhase;
			buildActionMask = 2147483647;
			files = (
			);
			inputPaths = (
			);
			name = "Copy Pods Resources";
			outputPaths = (
			);
			runOnlyForDeploymentPostprocessing = 0;
			shellPath = /bin/sh;
			shellScript = "\"${SRCROOT}/Pods/Target Support Files/Pods/Pods-resources.sh\"\n";
			showEnvVarsInLog = 0;
		};
/* End PBXShellScriptBuildPhase section */

/* Begin PBXSourcesBuildPhase section */
		7422F6C71AD81358002B1661 /* Sources */ = {
			isa = PBXSourcesBuildPhase;
			buildActionMask = 2147483647;
			files = (
				05741B5D1C746DD8006F01B2 /* EXTScope.m in Sources */,
				7422F6D31AD81358002B1661 /* DVGStreamsMapViewController.m in Sources */,
				05741B581C746DD8006F01B2 /* EXTADT.m in Sources */,
				7422F6D41AD81358002B1661 /* DVGFeatureListTableViewController.m in Sources */,
				7422F6D71AD81358002B1661 /* DVGClusterAnnotationView.m in Sources */,
				05741B5B1C746DD8006F01B2 /* EXTRuntimeExtensions.m in Sources */,
				7422F6DD1AD81358002B1661 /* DVGMKAnnotationUtilities.m in Sources */,
				05741B5E1C746DD8006F01B2 /* EXTSelectorChecking.m in Sources */,
				05741B601C746DD8006F01B2 /* NSMethodSignature+EXT.m in Sources */,
				7422F6DE1AD81358002B1661 /* DVGStreamsMapAnnotationView.m in Sources */,
				05741B591C746DD8006F01B2 /* EXTConcreteProtocol.m in Sources */,
				05741B5A1C746DD8006F01B2 /* EXTNil.m in Sources */,
				7422F6DF1AD81358002B1661 /* DVGStreamSelectionViewController.m in Sources */,
				7422F6E11AD81358002B1661 /* NHSViewer+MapKit.m in Sources */,
				7422F6E41AD81358002B1661 /* DVGCameraViewController.m in Sources */,
				7422F6E71AD81358002B1661 /* DVGStreamAnnotationView.m in Sources */,
				7422F6E81AD81358002B1661 /* NHSStream+MapKit.m in Sources */,
				05741B5C1C746DD8006F01B2 /* EXTSafeCategory.m in Sources */,
				7422F6EA1AD81358002B1661 /* DVGStreamOverlayRenderer.m in Sources */,
				7422F6F11AD81358002B1661 /* AppDelegate.m in Sources */,
				7422F6F21AD81358002B1661 /* DVGStreamsDataController.m in Sources */,
				05741B5F1C746DD8006F01B2 /* NSInvocation+EXT.m in Sources */,
				7422F6F31AD81358002B1661 /* main.m in Sources */,
			);
			runOnlyForDeploymentPostprocessing = 0;
		};
/* End PBXSourcesBuildPhase section */

/* Begin PBXVariantGroup section */
		74E8D1211A44401700E646AB /* Main.storyboard */ = {
			isa = PBXVariantGroup;
			children = (
				74E8D1221A44401700E646AB /* Base */,
			);
			name = Main.storyboard;
			sourceTree = "<group>";
		};
		74E8D1261A44401700E646AB /* LaunchScreen.xib */ = {
			isa = PBXVariantGroup;
			children = (
				74E8D1271A44401700E646AB /* Base */,
			);
			name = LaunchScreen.xib;
			sourceTree = "<group>";
		};
/* End PBXVariantGroup section */

/* Begin XCBuildConfiguration section */
		7422F7041AD81358002B1661 /* Debug */ = {
			isa = XCBuildConfiguration;
			baseConfigurationReference = A5652ACC898D108EE62B81C4 /* Pods.debug.xcconfig */;
			buildSettings = {
				ASSETCATALOG_COMPILER_APPICON_NAME = AppIcon;
				CODE_SIGN_IDENTITY = "iPhone Developer";
				"CODE_SIGN_IDENTITY[sdk=iphoneos*]" = "iPhone Developer";
				ENABLE_BITCODE = NO;
				FFMPEG_PATH = ../../Submodules/FFmpeg.build;
				FRAMEWORK_SEARCH_PATHS = (
					"$(inherited)",
					"$(PROJECT_DIR)",
				);
				GCC_PREFIX_HEADER = Nine00SecondsSDKExample/Nine00SDKTester.pch;
				GCC_PREPROCESSOR_DEFINITIONS = (
					"$(inherited)",
					"DVG_EXTERNAL_SOURCE=1",
				);
				HEADER_SEARCH_PATHS = (
					"\"${PODS_ROOT}/Headers/Public\"",
					"\"${PODS_ROOT}/Headers/Public/AFNetworking\"",
					"\"${PODS_ROOT}/Headers/Public/AWSiOSSDKv2\"",
					"\"${PODS_ROOT}/Headers/Public/Bolts\"",
					"\"${PODS_ROOT}/Headers/Public/CocoaLumberjack\"",
					"\"${PODS_ROOT}/Headers/Public/FMDB\"",
					"\"${PODS_ROOT}/Headers/Public/GZIP\"",
					"\"${PODS_ROOT}/Headers/Public/Mantle\"",
					"\"${PODS_ROOT}/Headers/Public/Reachability\"",
					"\"${PODS_ROOT}/Headers/Public/TMCache\"",
					"\"${PODS_ROOT}/Headers/Public/UICKeyChainStore\"",
					"\"${PODS_ROOT}/Headers/Public/XMLDictionary\"",
					../Nine00SecondsSDK/Nine00SecondsSDK/public,
				);
				INFOPLIST_FILE = "$(SRCROOT)/Nine00SecondsSDKExample/Info.plist";
				IPHONEOS_DEPLOYMENT_TARGET = 8.0;
				LD_RUNPATH_SEARCH_PATHS = "$(inherited) @executable_path/Frameworks";
				LIBRARY_SEARCH_PATHS = (
					"$(inherited)",
					../Nine00SecondsSDK/Product,
					../../Submodules/FFmpeg.build/lib,
					"$(PROJECT_DIR)/Nine00SecondsSDKExample/ffmpeg",
					"$(PROJECT_DIR)/Nine00SecondsSDKExample/Nine00SecondsSDK",
					"$(PROJECT_DIR)/Nine00SecondsSDKExample/ffmpeg-ios-static-libs/lib",
				);
				OTHER_LDFLAGS = (
					"$(inherited)",
					"-ObjC",
					"-l\"CocoaLumberjack\"",
					"-l\"kingpin\"",
					"-l\"sqlite3\"",
					"-l\"z\"",
					"-framework",
					"\"CoreGraphics\"",
					"-framework",
					"\"CoreLocation\"",
					"-framework",
					"\"Foundation\"",
					"-framework",
					"\"MapKit\"",
					"-framework",
					"\"MobileCoreServices\"",
					"-framework",
					"\"Security\"",
					"-framework",
					"\"SystemConfiguration\"",
					"-framework",
					"\"UIKit\"",
				);
				PRODUCT_NAME = Nine00SDKTesterLibSource;
				PROVISIONING_PROFILE = "";
				USER_HEADER_SEARCH_PATHS = "$(FFMPEG_PATH)/include/$(CURRENT_ARCH) ../../Submodules/libextobjc ../../Submodules/FFmpeg";
			};
			name = Debug;
		};
		7422F7051AD81358002B1661 /* Release */ = {
			isa = XCBuildConfiguration;
			baseConfigurationReference = E7CFA67E949CEB60FDBDE983 /* Pods.release.xcconfig */;
			buildSettings = {
				ASSETCATALOG_COMPILER_APPICON_NAME = AppIcon;
				CODE_SIGN_IDENTITY = "iPhone Developer";
				ENABLE_BITCODE = NO;
				FFMPEG_PATH = ../../Submodules/FFmpeg.build;
				FRAMEWORK_SEARCH_PATHS = (
					"$(inherited)",
					"$(PROJECT_DIR)",
				);
				GCC_PREFIX_HEADER = Nine00SecondsSDKExample/Nine00SDKTester.pch;
				HEADER_SEARCH_PATHS = (
					"\"${PODS_ROOT}/Headers/Public\"",
					"\"${PODS_ROOT}/Headers/Public/AFNetworking\"",
					"\"${PODS_ROOT}/Headers/Public/AWSiOSSDKv2\"",
					"\"${PODS_ROOT}/Headers/Public/Bolts\"",
					"\"${PODS_ROOT}/Headers/Public/CocoaLumberjack\"",
					"\"${PODS_ROOT}/Headers/Public/FMDB\"",
					"\"${PODS_ROOT}/Headers/Public/GZIP\"",
					"\"${PODS_ROOT}/Headers/Public/Mantle\"",
					"\"${PODS_ROOT}/Headers/Public/Reachability\"",
					"\"${PODS_ROOT}/Headers/Public/TMCache\"",
					"\"${PODS_ROOT}/Headers/Public/UICKeyChainStore\"",
					"\"${PODS_ROOT}/Headers/Public/XMLDictionary\"",
					../Nine00SecondsSDK/Nine00SecondsSDK/public,
				);
				INFOPLIST_FILE = "$(SRCROOT)/Nine00SecondsSDKExample/Info.plist";
				IPHONEOS_DEPLOYMENT_TARGET = 8.0;
				LD_RUNPATH_SEARCH_PATHS = "$(inherited) @executable_path/Frameworks";
				LIBRARY_SEARCH_PATHS = (
					"$(inherited)",
					../Nine00SecondsSDK/Product,
					../../Submodules/FFmpeg.build/lib,
					"$(PROJECT_DIR)/Nine00SecondsSDKExample/ffmpeg",
					"$(PROJECT_DIR)/Nine00SecondsSDKExample/Nine00SecondsSDK",
					"$(PROJECT_DIR)/Nine00SecondsSDKExample/ffmpeg-ios-static-libs/lib",
				);
				OTHER_LDFLAGS = (
					"$(inherited)",
					"-ObjC",
					"-l\"CocoaLumberjack\"",
					"-l\"kingpin\"",
					"-l\"sqlite3\"",
					"-l\"z\"",
					"-framework",
					"\"CoreGraphics\"",
					"-framework",
					"\"CoreLocation\"",
					"-framework",
					"\"Foundation\"",
					"-framework",
					"\"MapKit\"",
					"-framework",
					"\"MobileCoreServices\"",
					"-framework",
					"\"Security\"",
					"-framework",
					"\"SystemConfiguration\"",
					"-framework",
					"\"UIKit\"",
				);
				PRODUCT_NAME = Nine00SDKTesterLibSource;
				PROVISIONING_PROFILE = "";
				USER_HEADER_SEARCH_PATHS = "$(FFMPEG_PATH)/include/$(CURRENT_ARCH) ../../Submodules/libextobjc ../../Submodules/FFmpeg";
			};
			name = Release;
		};
		74E8D1351A44401700E646AB /* Debug */ = {
			isa = XCBuildConfiguration;
			buildSettings = {
				ALWAYS_SEARCH_USER_PATHS = NO;
				CLANG_CXX_LANGUAGE_STANDARD = "gnu++0x";
				CLANG_CXX_LIBRARY = "libc++";
				CLANG_ENABLE_MODULES = YES;
				CLANG_ENABLE_OBJC_ARC = YES;
				CLANG_WARN_BOOL_CONVERSION = YES;
				CLANG_WARN_CONSTANT_CONVERSION = YES;
				CLANG_WARN_DIRECT_OBJC_ISA_USAGE = YES_ERROR;
				CLANG_WARN_EMPTY_BODY = YES;
				CLANG_WARN_ENUM_CONVERSION = YES;
				CLANG_WARN_INT_CONVERSION = YES;
				CLANG_WARN_OBJC_ROOT_CLASS = YES_ERROR;
				CLANG_WARN_UNREACHABLE_CODE = YES;
				CLANG_WARN__DUPLICATE_METHOD_MATCH = YES;
				"CODE_SIGN_IDENTITY[sdk=iphoneos*]" = "iPhone Developer";
				COPY_PHASE_STRIP = NO;
				ENABLE_BITCODE = NO;
				ENABLE_STRICT_OBJC_MSGSEND = YES;
				GCC_C_LANGUAGE_STANDARD = gnu99;
				GCC_DYNAMIC_NO_PIC = NO;
				GCC_OPTIMIZATION_LEVEL = 0;
				GCC_PREPROCESSOR_DEFINITIONS = (
					"DEBUG=1",
					"$(inherited)",
				);
				GCC_SYMBOLS_PRIVATE_EXTERN = NO;
				GCC_WARN_64_TO_32_BIT_CONVERSION = YES;
				GCC_WARN_ABOUT_RETURN_TYPE = YES_ERROR;
				GCC_WARN_UNDECLARED_SELECTOR = YES;
				GCC_WARN_UNINITIALIZED_AUTOS = YES_AGGRESSIVE;
				GCC_WARN_UNUSED_FUNCTION = YES;
				GCC_WARN_UNUSED_VARIABLE = YES;
				IPHONEOS_DEPLOYMENT_TARGET = 8.0;
				MTL_ENABLE_DEBUG_INFO = YES;
				ONLY_ACTIVE_ARCH = YES;
				SDKROOT = iphoneos;
			};
			name = Debug;
		};
		74E8D1361A44401700E646AB /* Release */ = {
			isa = XCBuildConfiguration;
			buildSettings = {
				ALWAYS_SEARCH_USER_PATHS = NO;
				CLANG_CXX_LANGUAGE_STANDARD = "gnu++0x";
				CLANG_CXX_LIBRARY = "libc++";
				CLANG_ENABLE_MODULES = YES;
				CLANG_ENABLE_OBJC_ARC = YES;
				CLANG_WARN_BOOL_CONVERSION = YES;
				CLANG_WARN_CONSTANT_CONVERSION = YES;
				CLANG_WARN_DIRECT_OBJC_ISA_USAGE = YES_ERROR;
				CLANG_WARN_EMPTY_BODY = YES;
				CLANG_WARN_ENUM_CONVERSION = YES;
				CLANG_WARN_INT_CONVERSION = YES;
				CLANG_WARN_OBJC_ROOT_CLASS = YES_ERROR;
				CLANG_WARN_UNREACHABLE_CODE = YES;
				CLANG_WARN__DUPLICATE_METHOD_MATCH = YES;
				"CODE_SIGN_IDENTITY[sdk=iphoneos*]" = "iPhone Developer";
				COPY_PHASE_STRIP = YES;
				ENABLE_BITCODE = NO;
				ENABLE_NS_ASSERTIONS = NO;
				ENABLE_STRICT_OBJC_MSGSEND = YES;
				GCC_C_LANGUAGE_STANDARD = gnu99;
				GCC_WARN_64_TO_32_BIT_CONVERSION = YES;
				GCC_WARN_ABOUT_RETURN_TYPE = YES_ERROR;
				GCC_WARN_UNDECLARED_SELECTOR = YES;
				GCC_WARN_UNINITIALIZED_AUTOS = YES_AGGRESSIVE;
				GCC_WARN_UNUSED_FUNCTION = YES;
				GCC_WARN_UNUSED_VARIABLE = YES;
				IPHONEOS_DEPLOYMENT_TARGET = 8.0;
				MTL_ENABLE_DEBUG_INFO = NO;
				SDKROOT = iphoneos;
				VALIDATE_PRODUCT = YES;
			};
			name = Release;
		};
/* End XCBuildConfiguration section */

/* Begin XCConfigurationList section */
		7422F7031AD81358002B1661 /* Build configuration list for PBXNativeTarget "Nine00SDKTesterSource" */ = {
			isa = XCConfigurationList;
			buildConfigurations = (
				7422F7041AD81358002B1661 /* Debug */,
				7422F7051AD81358002B1661 /* Release */,
			);
			defaultConfigurationIsVisible = 0;
			defaultConfigurationName = Release;
		};
		74E8D10F1A44401700E646AB /* Build configuration list for PBXProject "Nine00SDKTester" */ = {
			isa = XCConfigurationList;
			buildConfigurations = (
				74E8D1351A44401700E646AB /* Debug */,
				74E8D1361A44401700E646AB /* Release */,
			);
			defaultConfigurationIsVisible = 0;
			defaultConfigurationName = Release;
		};
/* End XCConfigurationList section */
	};
	rootObject = 74E8D10C1A44401700E646AB /* Project object */;
}
